{
  "projects": [
    {
      "projectId": "iw4cFYZtgxW7YvDehgMC47",
      "version": "latest",
      "dependencies": {},
      "lang": "js",
      "fileLocks": [
        {
          "type": "globalVariant",
          "assetId": "JVaSzU08LD",
          "checksum": "9cb0023e6cab44aa19e2432e16c8151a"
        },
        {
          "type": "renderModule",
          "assetId": "Wda2Kcuudt",
          "checksum": "6968a16d5ed9148e4a21361368978eaa"
        },
        {
          "type": "cssRules",
          "assetId": "Wda2Kcuudt",
          "checksum": "6968a16d5ed9148e4a21361368978eaa"
        },
        {
          "type": "renderModule",
          "assetId": "u9fUcvMLUTC",
          "checksum": "d861ae7b35fbf4ca5e1518a5b8e99d77"
        },
        {
          "type": "cssRules",
          "assetId": "u9fUcvMLUTC",
          "checksum": "d861ae7b35fbf4ca5e1518a5b8e99d77"
        },
        {
          "type": "renderModule",
          "assetId": "3q349IpaNzw",
          "checksum": "2e46884c649c29c2ae51d4f7837ee477"
        },
        {
          "type": "cssRules",
          "assetId": "3q349IpaNzw",
          "checksum": "2e46884c649c29c2ae51d4f7837ee477"
        },
        {
          "type": "renderModule",
          "assetId": "Sd2SKH8nj-T",
          "checksum": "10f8c09303f141e63aa80fa160981f10"
        },
        {
          "type": "cssRules",
          "assetId": "Sd2SKH8nj-T",
          "checksum": "10f8c09303f141e63aa80fa160981f10"
        },
        {
          "type": "renderModule",
          "assetId": "91k3xcrl7A5",
          "checksum": "967e2426204333579b752882180ae3d3"
        },
        {
          "type": "cssRules",
          "assetId": "91k3xcrl7A5",
          "checksum": "967e2426204333579b752882180ae3d3"
        },
        {
          "type": "renderModule",
          "assetId": "E3LOXvkXg3F",
          "checksum": "4f405872e47862a61571aeb72c126b9b"
        },
        {
          "type": "cssRules",
          "assetId": "E3LOXvkXg3F",
          "checksum": "4f405872e47862a61571aeb72c126b9b"
        },
        {
          "type": "renderModule",
          "assetId": "X7evdGKvz-t",
          "checksum": "2443ef45d23500d6ec6bb82f2babf5a9"
        },
        {
          "type": "cssRules",
          "assetId": "X7evdGKvz-t",
          "checksum": "2443ef45d23500d6ec6bb82f2babf5a9"
        },
        {
          "type": "renderModule",
          "assetId": "StWVtS8o04o",
          "checksum": "199091869314740fe0b6d29121ff472f"
        },
        {
          "type": "cssRules",
          "assetId": "StWVtS8o04o",
          "checksum": "199091869314740fe0b6d29121ff472f"
        },
        {
          "type": "renderModule",
          "assetId": "5XnVxMXbHtr",
          "checksum": "21f8c78c76f2fd50086cbbfe08c06283"
        },
        {
          "type": "cssRules",
          "assetId": "5XnVxMXbHtr",
          "checksum": "21f8c78c76f2fd50086cbbfe08c06283"
        },
        {
          "type": "image",
          "assetId": "BpUX1XU9I",
          "checksum": "3698d9a63cdac897a33948f31975bdd4"
        },
        {
          "type": "image",
          "assetId": "gbxfiuq90W",
          "checksum": "15627e3d2c3e25cb57d8f960842fe60b"
        },
        {
          "type": "image",
          "assetId": "zEbafzNbCL",
          "checksum": "2b8c229a63f281a434748c8cc9fb2d3b"
        },
        {
          "type": "image",
          "assetId": "C6o-b9kCk0",
          "checksum": "85686c26d50be8d1a9fc70a946191f89"
        },
        {
          "type": "image",
          "assetId": "sMaJPAfObO",
          "checksum": "ee335a02bd60c38d54f74471646bcada"
        },
        {
          "type": "image",
          "assetId": "B3MVGMxG7K",
          "checksum": "ec0cb4515b32f1af1c735c694e7dd3e4"
        },
        {
          "type": "image",
          "assetId": "nEVB1jgb9g",
          "checksum": "acbe14ec27b047d977c14699b60d1a4f"
        },
        {
          "type": "image",
          "assetId": "FKN6gbSSbT",
          "checksum": "601e7c5acaefbbe89ceaa01df034e815"
        },
        {
          "type": "image",
          "assetId": "XzuBrvLliK",
          "checksum": "2dd43aa5d4599daa1d4bde5886815c28"
        },
        {
          "type": "image",
          "assetId": "r1vgmY2D8",
          "checksum": "ef14b6b773eb61b6db75ff4bb369716e"
        },
        {
          "type": "image",
          "assetId": "7SF8eXk8XP",
          "checksum": "b043baba239ddd2019b4ea74d87256cc"
        },
        {
          "type": "image",
          "assetId": "yteGESmZIa",
          "checksum": "f034a28961eded629ada0be47548fe0a"
        },
        {
          "type": "image",
          "assetId": "P23HIBMNIy",
          "checksum": "418c011ea0facb719ea6f635e7db2cef"
        },
        {
          "type": "image",
          "assetId": "7JCnogMZ9",
          "checksum": "5a515e736e67531b0cae15a428bd463f"
        },
        {
          "type": "image",
          "assetId": "1b_g760z9n",
          "checksum": "4318f1a73c1073483d389a4162882a49"
        },
        {
          "type": "image",
          "assetId": "Mbg6I9yHj7",
          "checksum": "efb9927f8e8156df4ed4ef20e14bf798"
        },
        {
          "type": "image",
          "assetId": "l3gU19A_d8",
          "checksum": "baaf72df50169538dbcbb8a768d6683e"
        },
        {
          "type": "image",
          "assetId": "RSxngUPMg",
          "checksum": "3c6175a76b5c2143d6c7bdebc67d1d52"
        },
        {
          "type": "image",
          "assetId": "T_tG07VjoF",
          "checksum": "d1046bbbe5d10d50c6027b83baa204fc"
        },
        {
          "type": "image",
          "assetId": "5wGw-a0xXc",
          "checksum": "f291c34ecdf9974536645e54fb36f8a3"
        },
        {
          "type": "image",
          "assetId": "iJw4P5uXq",
          "checksum": "ab3916fe0452636565cc24da480b5c11"
        },
        {
          "type": "image",
          "assetId": "V6QhmRR3Gu",
          "checksum": "c7fd340516b88bf2af878cdb51fa4f68"
        },
        {
          "type": "image",
          "assetId": "YQrEp4cQj4",
          "checksum": "896ac2f79624993355fe84fd85e3514e"
        },
        {
          "assetId": "iw4cFYZtgxW7YvDehgMC47",
          "type": "projectCss",
          "checksum": "fba26ecdd1c841e250db61e40dce2306"
        },
        {
          "type": "icon",
          "assetId": "QaRBHQulwLs",
          "checksum": "b1b7ab9216836d944d8a7a9d96434de7"
        },
        {
          "type": "icon",
          "assetId": "b9qWHr975sM",
          "checksum": "7e01c47c7b4d1f89c262e3f6546fbbd2"
        },
        {
          "type": "icon",
          "assetId": "RWzvUW32AX",
          "checksum": "e9400b12b77fb5fdbd2828c531e5057e"
        },
        {
          "type": "icon",
          "assetId": "4NZJoj-fIt",
          "checksum": "1638840959ec1e0af976c9f7c158ce81"
        },
        {
          "type": "icon",
          "assetId": "QdSNciHXdvM",
          "checksum": "99015eccc17135bdc29cb88678dd1b61"
        },
        {
          "type": "icon",
          "assetId": "vY-U8OLG9IH",
          "checksum": "5f33f63a34b1751f58e1fc51c440c39b"
        },
        {
          "type": "icon",
          "assetId": "LvtI6YAzhDC",
          "checksum": "7d52266b9b6bdabb6f9b6fa72b1f1fe3"
        },
        {
          "type": "icon",
          "assetId": "OWLbkpHPcZo",
          "checksum": "fe091eda2a5dc0a24a9634dbd1d7fc11"
        },
        {
          "type": "icon",
          "assetId": "zWq4rB1ZbJo",
          "checksum": "19290fbc6c6d8d62286052310719aadc"
        },
        {
          "type": "icon",
          "assetId": "d9dK44K72X2",
          "checksum": "540e7560d17f729c2a1416ba34e80b4c"
        },
        {
          "type": "icon",
          "assetId": "1fCRbA0GDb",
          "checksum": "80f45c23f7d3a5d5bd301dd6191fb1a8"
        },
        {
          "type": "icon",
          "assetId": "yZORk1xeNod",
          "checksum": "ba72ca86ac82b724c4f326bb92ee4e2c"
        },
        {
          "type": "icon",
          "assetId": "YlCQkwNXRUO",
          "checksum": "30db32a2d36f21a27204dd8ef5efc340"
        },
        {
          "type": "icon",
          "assetId": "zKLUNirn3XN",
          "checksum": "9eedff6d34fb8b859df088d82fcac20f"
        },
        {
          "type": "icon",
          "assetId": "RQYW1BLdalZ",
          "checksum": "9fd21eb61a39146cb42c80c8d93bd8d1"
        },
        {
          "type": "icon",
          "assetId": "rZUomkuHyn0",
          "checksum": "d49abcaabe310960d795fbea57a248ff"
        },
        {
          "type": "icon",
          "assetId": "jPhu6UZ0A6X",
          "checksum": "1bcd72f09572321c43c6d0f053e44de9"
        },
        {
          "type": "icon",
          "assetId": "CQy-DIM1o6",
          "checksum": "c2bc22f2cf898131feaf7da3b1380e2e"
        },
        {
          "type": "icon",
          "assetId": "iescvvzXIqS",
          "checksum": "7b7b86a7e1a98bf832b5751b24b640c8"
        },
        {
          "type": "icon",
          "assetId": "tWXvMBeMDbJ",
          "checksum": "7fa78acbc2b600b7702ac4455b242c97"
        },
        {
          "type": "icon",
          "assetId": "_NcK4bL9zA",
          "checksum": "2516af1a049fcfd8ca8060705ba77943"
        },
        {
          "type": "icon",
          "assetId": "lMxeT0I5eW7",
          "checksum": "e24efb9ba385d17ec78240e73d63db2e"
        },
        {
          "type": "icon",
          "assetId": "jBoPPohdDt",
          "checksum": "ac7ac764ea00b4a6b1376f538bc77fcc"
        },
        {
          "type": "icon",
          "assetId": "_ldKxRNK1ul",
          "checksum": "353695727d022d2f84f3299e77a91324"
        },
        {
          "type": "icon",
          "assetId": "dJGJxsVm5vx",
          "checksum": "228d95fe17f4ad042459b71376f6a278"
        },
        {
          "type": "icon",
          "assetId": "Edq9j_F817L",
          "checksum": "a1ac408babe0321e51fa714318038c68"
        },
        {
          "type": "icon",
          "assetId": "Tx8VCqGnqiZ",
          "checksum": "4ed207d5aa60d51c95bcfb59bcc703bc"
        },
        {
          "type": "icon",
          "assetId": "3w-a0WnCXsB",
          "checksum": "1e2bfe5d620e9df1170d198927d7b369"
        },
        {
          "type": "icon",
          "assetId": "y7lS42U9eT",
          "checksum": "86de4e4e3c3a9c4ede6e044e264ce3bf"
        }
      ]
    }
  ],
  "cliVersion": "0.1.160"
}
